dependencies:
- name: mariadb
  repository: file://../charts/mariadb
  version: 1.0.0
- name: mongodb
  repository: file://../charts/mongodb
  version: 1.0.0
- name: redis
  repository: file://../charts/redis
  version: 1.0.0
- name: rabbitmq
  repository: file://../charts/rabbitmq
  version: 1.0.0
- name: keycloak
  repository: file://../charts/keycloak
  version: 1.0.0
- name: matrix-synapse
  repository: file://../charts/matrix-synapse
  version: 1.0.0
- name: element
  repository: file://../charts/element
  version: 1.0.0
- name: element-call
  repository: file://../charts/element-call
  version: 1.0.0
- name: livekit
  repository: file://../charts/livekit
  version: 1.0.0
- name: tenantservice
  repository: file://../charts/tenantservice
  version: 1.0.0
- name: userservice
  repository: file://../charts/userservice
  version: 1.0.0
- name: agencyservice
  repository: file://../charts/agencyservice
  version: 1.0.0
- name: consultingtypeservice
  repository: file://../charts/consultingtypeservice
  version: 1.0.0
- name: frontend
  repository: file://../charts/frontend
  version: 1.0.0
- name: admin
  repository: file://../charts/admin
  version: 1.0.0
- name: clickhouse
  repository: file://../charts/clickhouse
  version: 1.0.0
- name: redis-commander
  repository: file://../charts/redis-commander
  version: 1.0.0
- name: redis-exporter
  repository: file://../charts/redis-exporter
  version: 1.0.0
- name: status-page
  repository: file://../charts/status-page
  version: 1.0.0
- name: health-dashboard
  repository: file://../charts/health-dashboard
  version: 1.0.0
- name: storybook
  repository: file://../charts/storybook
  version: 1.0.0
- name: signoz
  repository: file://../charts/signoz
  version: 1.0.0
- name: otel-collector
  repository: file://../charts/otel-collector
  version: 1.0.0
- name: service-health-exporter
  repository: file://../charts/service-health-exporter
  version: 1.0.0
digest: sha256:943fa75213658b224f742cf4f55a88cf54b9a84e158601e6caf39a6221af499b
generated: "2025-12-27T20:21:29.780305389Z"
